dependencies:
- name: traefik
  repository: https://traefik.github.io/charts
  version: 37.4.0
- name: zitadel
  repository: https://charts.zitadel.com
  version: 9.13.0
- name: postgresql
  repository: https://charts.bitnami.com/bitnami
  version: 18.1.11
- name: oauth2-proxy
  repository: https://oauth2-proxy.github.io/manifests
  version: 9.0.0
digest: sha256:54b704848eef5b7fee6a7dae97f4fe4714f041e7fb25915a6d96b1ff4dfd3615
generated: "2026-03-02T17:15:56.0296084+01:00"
